
Microsoft Visual Studio Solution File, Format Version 12.00
# Visual Studio Version 17
VisualStudioVersion = 17.0.31919.166
MinimumVisualStudioVersion = 10.0.40219.1
Project("{FAE04EC0-301F-11D3-BF4B-00C04F79EFBC}") = "PreSchool", "PreSchool\PreSchool.csproj", "{F0677586-311E-45C5-AB57-4E277388C75F}"
EndProject
Global
	GlobalSection(SolutionConfigurationPlatforms) = preSolution
		Debug|Any CPU = Debug|Any CPU
		Release|Any CPU = Release|Any CPU
	EndGlobalSection
	GlobalSection(ProjectConfigurationPlatforms) = postSolution
		{F0677586-311E-45C5-AB57-4E277388C75F}.Debug|Any CPU.ActiveCfg = Debug|Any CPU
		{F0677586-311E-45C5-AB57-4E277388C75F}.Debug|Any CPU.Build.0 = Debug|Any CPU
		{F0677586-311E-45C5-AB57-4E277388C75F}.Release|Any CPU.ActiveCfg = Release|Any CPU
		{F0677586-311E-45C5-AB57-4E277388C75F}.Release|Any CPU.Build.0 = Release|Any CPU
	EndGlobalSection
	GlobalSection(SolutionProperties) = preSolution
		HideSolutionNode = FALSE
	EndGlobalSection
	GlobalSection(ExtensibilityGlobals) = postSolution
		SolutionGuid = {E4199808-82B7-47DA-84EB-71E5F9DC9DF9}
	EndGlobalSection
EndGlobal
